
Microsoft Visual Studio Solution File, Format Version 12.00
# Visual Studio Version 17
VisualStudioVersion = 17.14.36623.8 d17.14
MinimumVisualStudioVersion = 10.0.40219.1
Project("{FAE04EC0-301F-11D3-BF4B-00C04F79EFBC}") = "SCMS", "SCMS\SCMS.csproj", "{FAC9EBDA-4904-49B6-9F62-E59AE3288946}"
EndProject
Global
	GlobalSection(SolutionConfigurationPlatforms) = preSolution
		Debug|Any CPU = Debug|Any CPU
		Release|Any CPU = Release|Any CPU
	EndGlobalSection
	GlobalSection(ProjectConfigurationPlatforms) = postSolution
		{FAC9EBDA-4904-49B6-9F62-E59AE3288946}.Debug|Any CPU.ActiveCfg = Debug|Any CPU
		{FAC9EBDA-4904-49B6-9F62-E59AE3288946}.Debug|Any CPU.Build.0 = Debug|Any CPU
		{FAC9EBDA-4904-49B6-9F62-E59AE3288946}.Release|Any CPU.ActiveCfg = Release|Any CPU
		{FAC9EBDA-4904-49B6-9F62-E59AE3288946}.Release|Any CPU.Build.0 = Release|Any CPU
	EndGlobalSection
	GlobalSection(SolutionProperties) = preSolution
		HideSolutionNode = FALSE
	EndGlobalSection
	GlobalSection(ExtensibilityGlobals) = postSolution
		SolutionGuid = {D534C288-DDE9-4EE4-9DB7-267468BEC273}
	EndGlobalSection
EndGlobal
